# THIS IS AN AUTOGENERATED FILE. DO NOT EDIT THIS FILE DIRECTLY.
# yarn lockfile v1


"@rbxts/types@*":
  version "1.0.588"
  resolved "https://registry.yarnpkg.com/@rbxts/types/-/types-1.0.588.tgz#21ff085e6ee5ae956e9a1b93da36fecf4ad0d84d"
  integrity sha512-4krwnlXLzrbT2Uz7uczYH3RL5IwRyqL+vmGPyQN+gJSvfp3JTrP3KC6yjftqm6sTFIAZR1/XqvA+J0l/DsagZg==
